
Microsoft Visual Studio Solution File, Format Version 12.00
# Visual Studio Version 17
VisualStudioVersion = 17.2.32526.322
MinimumVisualStudioVersion = 10.0.40219.1
Project("{FAE04EC0-301F-11D3-BF4B-00C04F79EFBC}") = "Entities", "Entities\Entities.csproj", "{BF34191C-E8CB-48C1-B6E8-C2198D3F8AFA}"
EndProject
Project("{FAE04EC0-301F-11D3-BF4B-00C04F79EFBC}") = "DataAccess", "DataAccess\DataAccess.csproj", "{4026B21E-058D-447B-B948-6A5E8CC00CB1}"
EndProject
Project("{FAE04EC0-301F-11D3-BF4B-00C04F79EFBC}") = "Business", "Business\Business.csproj", "{3D01D24F-A6B1-4C9C-8151-35DB7CA0197A}"
EndProject
Project("{FAE04EC0-301F-11D3-BF4B-00C04F79EFBC}") = "Core", "Core\Core.csproj", "{322D18EA-7A24-4AC6-A238-2390B593B6A2}"
EndProject
Project("{FAE04EC0-301F-11D3-BF4B-00C04F79EFBC}") = "WebAPI", "WebAPI\WebAPI.csproj", "{E180F0AB-1FDD-4373-8AFB-65F3BA3AC90F}"
EndProject
Global
	GlobalSection(SolutionConfigurationPlatforms) = preSolution
		Debug|Any CPU = Debug|Any CPU
		Release|Any CPU = Release|Any CPU
	EndGlobalSection
	GlobalSection(ProjectConfigurationPlatforms) = postSolution
		{BF34191C-E8CB-48C1-B6E8-C2198D3F8AFA}.Debug|Any CPU.ActiveCfg = Debug|Any CPU
		{BF34191C-E8CB-48C1-B6E8-C2198D3F8AFA}.Debug|Any CPU.Build.0 = Debug|Any CPU
		{BF34191C-E8CB-48C1-B6E8-C2198D3F8AFA}.Release|Any CPU.ActiveCfg = Release|Any CPU
		{BF34191C-E8CB-48C1-B6E8-C2198D3F8AFA}.Release|Any CPU.Build.0 = Release|Any CPU
		{4026B21E-058D-447B-B948-6A5E8CC00CB1}.Debug|Any CPU.ActiveCfg = Debug|Any CPU
		{4026B21E-058D-447B-B948-6A5E8CC00CB1}.Debug|Any CPU.Build.0 = Debug|Any CPU
		{4026B21E-058D-447B-B948-6A5E8CC00CB1}.Release|Any CPU.ActiveCfg = Release|Any CPU
		{4026B21E-058D-447B-B948-6A5E8CC00CB1}.Release|Any CPU.Build.0 = Release|Any CPU
		{3D01D24F-A6B1-4C9C-8151-35DB7CA0197A}.Debug|Any CPU.ActiveCfg = Debug|Any CPU
		{3D01D24F-A6B1-4C9C-8151-35DB7CA0197A}.Debug|Any CPU.Build.0 = Debug|Any CPU
		{3D01D24F-A6B1-4C9C-8151-35DB7CA0197A}.Release|Any CPU.ActiveCfg = Release|Any CPU
		{3D01D24F-A6B1-4C9C-8151-35DB7CA0197A}.Release|Any CPU.Build.0 = Release|Any CPU
		{322D18EA-7A24-4AC6-A238-2390B593B6A2}.Debug|Any CPU.ActiveCfg = Debug|Any CPU
		{322D18EA-7A24-4AC6-A238-2390B593B6A2}.Debug|Any CPU.Build.0 = Debug|Any CPU
		{322D18EA-7A24-4AC6-A238-2390B593B6A2}.Release|Any CPU.ActiveCfg = Release|Any CPU
		{322D18EA-7A24-4AC6-A238-2390B593B6A2}.Release|Any CPU.Build.0 = Release|Any CPU
		{E180F0AB-1FDD-4373-8AFB-65F3BA3AC90F}.Debug|Any CPU.ActiveCfg = Debug|Any CPU
		{E180F0AB-1FDD-4373-8AFB-65F3BA3AC90F}.Debug|Any CPU.Build.0 = Debug|Any CPU
		{E180F0AB-1FDD-4373-8AFB-65F3BA3AC90F}.Release|Any CPU.ActiveCfg = Release|Any CPU
		{E180F0AB-1FDD-4373-8AFB-65F3BA3AC90F}.Release|Any CPU.Build.0 = Release|Any CPU
	EndGlobalSection
	GlobalSection(SolutionProperties) = preSolution
		HideSolutionNode = FALSE
	EndGlobalSection
	GlobalSection(ExtensibilityGlobals) = postSolution
		SolutionGuid = {E8722D4F-4498-4611-B352-B0F3053AD944}
	EndGlobalSection
EndGlobal
